// !$*UTF8*$!
{
	archiveVersion = 1;
	classes = {
	};
	objectVersion = 50;
	objects = {

/* Begin PBXBuildFile section */
		3C1E67AB254B78D400400545 /* EmojiArtSwiftUIApp.swift in Sources */ = {isa = PBXBuildFile; fileRef = 3C1E67AA254B78D400400545 /* EmojiArtSwiftUIApp.swift */; };
		3C1E67AD254B78D400400545 /* EmojiArtDocumentView.swift in Sources */ = {isa = PBXBuildFile; fileRef = 3C1E67AC254B78D400400545 /* EmojiArtDocumentView.swift */; };
		3C1E67AF254B78D600400545 /* Assets.xcassets in Resources */ = {isa = PBXBuildFile; fileRef = 3C1E67AE254B78D600400545 /* Assets.xcassets */; };
		3C1E67B2254B78D700400545 /* Preview Assets.xcassets in Resources */ = {isa = PBXBuildFile; fileRef = 3C1E67B1254B78D700400545 /* Preview Assets.xcassets */; };
		3C1E67BD254B78D700400545 /* EmojiArtSwiftUITests.swift in Sources */ = {isa = PBXBuildFile; fileRef = 3C1E67BC254B78D700400545 /* EmojiArtSwiftUITests.swift */; };
		3C1E67C8254B78D700400545 /* EmojiArtSwiftUIUITests.swift in Sources */ = {isa = PBXBuildFile; fileRef = 3C1E67C7254B78D700400545 /* EmojiArtSwiftUIUITests.swift */; };
		3C1E67DC254B79E100400545 /* EmojiArtDocument.swift in Sources */ = {isa = PBXBuildFile; fileRef = 3C1E67DB254B79E100400545 /* EmojiArtDocument.swift */; };
/* End PBXBuildFile section */

/* Begin PBXContainerItemProxy section */
		3C1E67B9254B78D700400545 /* PBXContainerItemProxy */ = {
			isa = PBXContainerItemProxy;
			containerPortal = 3C1E679F254B78D400400545 /* Project object */;
			proxyType = 1;
			remoteGlobalIDString = 3C1E67A6254B78D400400545;
			remoteInfo = EmojiArtSwiftUI;
		};
		3C1E67C4254B78D700400545 /* PBXContainerItemProxy */ = {
			isa = PBXContainerItemProxy;
			containerPortal = 3C1E679F254B78D400400545 /* Project object */;
			proxyType = 1;
			remoteGlobalIDString = 3C1E67A6254B78D400400545;
			remoteInfo = EmojiArtSwiftUI;
		};
/* End PBXContainerItemProxy section */

/* Begin PBXFileReference section */
		3C1E67A7254B78D400400545 /* EmojiArtSwiftUI.app */ = {isa = PBXFileReference; explicitFileType = wrapper.application; includeInIndex = 0; path = EmojiArtSwiftUI.app; sourceTree = BUILT_PRODUCTS_DIR; };
		3C1E67AA254B78D400400545 /* EmojiArtSwiftUIApp.swift */ = {isa = PBXFileReference; lastKnownFileType = sourcecode.swift; path = EmojiArtSwiftUIApp.swift; sourceTree = "<group>"; };
		3C1E67AC254B78D400400545 /* EmojiArtDocumentView.swift */ = {isa = PBXFileReference; lastKnownFileType = sourcecode.swift; path = EmojiArtDocumentView.swift; sourceTree = "<group>"; };
		3C1E67AE254B78D600400545 /* Assets.xcassets */ = {isa = PBXFileReference; lastKnownFileType = folder.assetcatalog; path = Assets.xcassets; sourceTree = "<group>"; };
		3C1E67B1254B78D700400545 /* Preview Assets.xcassets */ = {isa = PBXFileReference; lastKnownFileType = folder.assetcatalog; path = "Preview Assets.xcassets"; sourceTree = "<group>"; };
		3C1E67B3254B78D700400545 /* Info.plist */ = {isa = PBXFileReference; lastKnownFileType = text.plist.xml; path = Info.plist; sourceTree = "<group>"; };
		3C1E67B8254B78D700400545 /* EmojiArtSwiftUITests.xctest */ = {isa = PBXFileReference; explicitFileType = wrapper.cfbundle; includeInIndex = 0; path = EmojiArtSwiftUITests.xctest; sourceTree = BUILT_PRODUCTS_DIR; };
		3C1E67BC254B78D700400545 /* EmojiArtSwiftUITests.swift */ = {isa = PBXFileReference; lastKnownFileType = sourcecode.swift; path = EmojiArtSwiftUITests.swift; sourceTree = "<group>"; };
		3C1E67BE254B78D700400545 /* Info.plist */ = {isa = PBXFileReference; lastKnownFileType = text.plist.xml; path = Info.plist; sourceTree = "<group>"; };
		3C1E67C3254B78D700400545 /* EmojiArtSwiftUIUITests.xctest */ = {isa = PBXFileReference; explicitFileType = wrapper.cfbundle; includeInIndex = 0; path = EmojiArtSwiftUIUITests.xctest; sourceTree = BUILT_PRODUCTS_DIR; };
		3C1E67C7254B78D700400545 /* EmojiArtSwiftUIUITests.swift */ = {isa = PBXFileReference; lastKnownFileType = sourcecode.swift; path = EmojiArtSwiftUIUITests.swift; sourceTree = "<group>"; };
		3C1E67C9254B78D700400545 /* Info.plist */ = {isa = PBXFileReference; lastKnownFileType = text.plist.xml; path = Info.plist; sourceTree = "<group>"; };
		3C1E67DB254B79E100400545 /* EmojiArtDocument.swift */ = {isa = PBXFileReference; lastKnownFileType = sourcecode.swift; path = EmojiArtDocument.swift; sourceTree = "<group>"; };
/* End PBXFileReference section */

/* Begin PBXFrameworksBuildPhase section */
		3C1E67A4254B78D400400545 /* Frameworks */ = {
			isa = PBXFrameworksBuildPhase;
			buildActionMask = 2147483647;
			files = (
			);
			runOnlyForDeploymentPostprocessing = 0;
		};
		3C1E67B5254B78D700400545 /* Frameworks */ = {
			isa = PBXFrameworksBuildPhase;
			buildActionMask = 2147483647;
			files = (
			);
			runOnlyForDeploymentPostprocessing = 0;
		};
		3C1E67C0254B78D700400545 /* Frameworks */ = {
			isa = PBXFrameworksBuildPhase;
			buildActionMask = 2147483647;
			files = (
			);
			runOnlyForDeploymentPostprocessing = 0;
		};
/* End PBXFrameworksBuildPhase section */

/* Begin PBXGroup section */
		3C1E679E254B78D400400545 = {
			isa = PBXGroup;
			children = (
				3C1E67A9254B78D400400545 /* EmojiArtSwiftUI */,
				3C1E67BB254B78D700400545 /* EmojiArtSwiftUITests */,
				3C1E67C6254B78D700400545 /* EmojiArtSwiftUIUITests */,
				3C1E67A8254B78D400400545 /* Products */,
			);
			sourceTree = "<group>";
		};
		3C1E67A8254B78D400400545 /* Products */ = {
			isa = PBXGroup;
			children = (
				3C1E67A7254B78D400400545 /* EmojiArtSwiftUI.app */,
				3C1E67B8254B78D700400545 /* EmojiArtSwiftUITests.xctest */,
				3C1E67C3254B78D700400545 /* EmojiArtSwiftUIUITests.xctest */,
			);
			name = Products;
			sourceTree = "<group>";
		};
		3C1E67A9254B78D400400545 /* EmojiArtSwiftUI */ = {
			isa = PBXGroup;
			children = (
				3C1E67AA254B78D400400545 /* EmojiArtSwiftUIApp.swift */,
				3C1E67AC254B78D400400545 /* EmojiArtDocumentView.swift */,
				3C1E67DB254B79E100400545 /* EmojiArtDocument.swift */,
				3C1E67AE254B78D600400545 /* Assets.xcassets */,
				3C1E67B3254B78D700400545 /* Info.plist */,
				3C1E67B0254B78D700400545 /* Preview Content */,
			);
			path = EmojiArtSwiftUI;
			sourceTree = "<group>";
		};
		3C1E67B0254B78D700400545 /* Preview Content */ = {
			isa = PBXGroup;
			children = (
				3C1E67B1254B78D700400545 /* Preview Assets.xcassets */,
			);
			path = "Preview Content";
			sourceTree = "<group>";
		};
		3C1E67BB254B78D700400545 /* EmojiArtSwiftUITests */ = {
			isa = PBXGroup;
			children = (
				3C1E67BC254B78D700400545 /* EmojiArtSwiftUITests.swift */,
				3C1E67BE254B78D700400545 /* Info.plist */,
			);
			path = EmojiArtSwiftUITests;
			sourceTree = "<group>";
		};
		3C1E67C6254B78D700400545 /* EmojiArtSwiftUIUITests */ = {
			isa = PBXGroup;
			children = (
				3C1E67C7254B78D700400545 /* EmojiArtSwiftUIUITests.swift */,
				3C1E67C9254B78D700400545 /* Info.plist */,
			);
			path = EmojiArtSwiftUIUITests;
			sourceTree = "<group>";
		};
/* End PBXGroup section */

/* Begin PBXNativeTarget section */
		3C1E67A6254B78D400400545 /* EmojiArtSwiftUI */ = {
			isa = PBXNativeTarget;
			buildConfigurationList = 3C1E67CC254B78D700400545 /* Build configuration list for PBXNativeTarget "EmojiArtSwiftUI" */;
			buildPhases = (
				3C1E67A3254B78D400400545 /* Sources */,
				3C1E67A4254B78D400400545 /* Frameworks */,
				3C1E67A5254B78D400400545 /* Resources */,
			);
			buildRules = (
			);
			dependencies = (
			);
			name = EmojiArtSwiftUI;
			productName = EmojiArtSwiftUI;
			productReference = 3C1E67A7254B78D400400545 /* EmojiArtSwiftUI.app */;
			productType = "com.apple.product-type.application";
		};
		3C1E67B7254B78D700400545 /* EmojiArtSwiftUITests */ = {
			isa = PBXNativeTarget;
			buildConfigurationList = 3C1E67CF254B78D700400545 /* Build configuration list for PBXNativeTarget "EmojiArtSwiftUITests" */;
			buildPhases = (
				3C1E67B4254B78D700400545 /* Sources */,
				3C1E67B5254B78D700400545 /* Frameworks */,
				3C1E67B6254B78D700400545 /* Resources */,
			);
			buildRules = (
			);
			dependencies = (
				3C1E67BA254B78D700400545 /* PBXTargetDependency */,
			);
			name = EmojiArtSwiftUITests;
			productName = EmojiArtSwiftUITests;
			productReference = 3C1E67B8254B78D700400545 /* EmojiArtSwiftUITests.xctest */;
			productType = "com.apple.product-type.bundle.unit-test";
		};
		3C1E67C2254B78D700400545 /* EmojiArtSwiftUIUITests */ = {
			isa = PBXNativeTarget;
			buildConfigurationList = 3C1E67D2254B78D700400545 /* Build configuration list for PBXNativeTarget "EmojiArtSwiftUIUITests" */;
			buildPhases = (
				3C1E67BF254B78D700400545 /* Sources */,
				3C1E67C0254B78D700400545 /* Frameworks */,
				3C1E67C1254B78D700400545 /* Resources */,
			);
			buildRules = (
			);
			dependencies = (
				3C1E67C5254B78D700400545 /* PBXTargetDependency */,
			);
			name = EmojiArtSwiftUIUITests;
			productName = EmojiArtSwiftUIUITests;
			productReference = 3C1E67C3254B78D700400545 /* EmojiArtSwiftUIUITests.xctest */;
			productType = "com.apple.product-type.bundle.ui-testing";
		};
/* End PBXNativeTarget section */

/* Begin PBXProject section */
		3C1E679F254B78D400400545 /* Project object */ = {
			isa = PBXProject;
			attributes = {
				LastSwiftUpdateCheck = 1210;
				LastUpgradeCheck = 1210;
				TargetAttributes = {
					3C1E67A6254B78D400400545 = {
						CreatedOnToolsVersion = 12.1;
					};
					3C1E67B7254B78D700400545 = {
						CreatedOnToolsVersion = 12.1;
						TestTargetID = 3C1E67A6254B78D400400545;
					};
					3C1E67C2254B78D700400545 = {
						CreatedOnToolsVersion = 12.1;
						TestTargetID = 3C1E67A6254B78D400400545;
					};
				};
			};
			buildConfigurationList = 3C1E67A2254B78D400400545 /* Build configuration list for PBXProject "EmojiArtSwiftUI" */;
			compatibilityVersion = "Xcode 9.3";
			developmentRegion = en;
			hasScannedForEncodings = 0;
			knownRegions = (
				en,
				Base,
			);
			mainGroup = 3C1E679E254B78D400400545;
			productRefGroup = 3C1E67A8254B78D400400545 /* Products */;
			projectDirPath = "";
			projectRoot = "";
			targets = (
				3C1E67A6254B78D400400545 /* EmojiArtSwiftUI */,
				3C1E67B7254B78D700400545 /* EmojiArtSwiftUITests */,
				3C1E67C2254B78D700400545 /* EmojiArtSwiftUIUITests */,
			);
		};
/* End PBXProject section */

/* Begin PBXResourcesBuildPhase section */
		3C1E67A5254B78D400400545 /* Resources */ = {
			isa = PBXResourcesBuildPhase;
			buildActionMask = 2147483647;
			files = (
				3C1E67B2254B78D700400545 /* Preview Assets.xcassets in Resources */,
				3C1E67AF254B78D600400545 /* Assets.xcassets in Resources */,
			);
			runOnlyForDeploymentPostprocessing = 0;
		};
		3C1E67B6254B78D700400545 /* Resources */ = {
			isa = PBXResourcesBuildPhase;
			buildActionMask = 2147483647;
			files = (
			);
			runOnlyForDeploymentPostprocessing = 0;
		};
		3C1E67C1254B78D700400545 /* Resources */ = {
			isa = PBXResourcesBuildPhase;
			buildActionMask = 2147483647;
			files = (
			);
			runOnlyForDeploymentPostprocessing = 0;
		};
/* End PBXResourcesBuildPhase section */

/* Begin PBXSourcesBuildPhase section */
		3C1E67A3254B78D400400545 /* Sources */ = {
			isa = PBXSourcesBuildPhase;
			buildActionMask = 2147483647;
			files = (
				3C1E67AD254B78D400400545 /* EmojiArtDocumentView.swift in Sources */,
				3C1E67DC254B79E100400545 /* EmojiArtDocument.swift in Sources */,
				3C1E67AB254B78D400400545 /* EmojiArtSwiftUIApp.swift in Sources */,
			);
			runOnlyForDeploymentPostprocessing = 0;
		};
		3C1E67B4254B78D700400545 /* Sources */ = {
			isa = PBXSourcesBuildPhase;
			buildActionMask = 2147483647;
			files = (
				3C1E67BD254B78D700400545 /* EmojiArtSwiftUITests.swift in Sources */,
			);
			runOnlyForDeploymentPostprocessing = 0;
		};
		3C1E67BF254B78D700400545 /* Sources */ = {
			isa = PBXSourcesBuildPhase;
			buildActionMask = 2147483647;
			files = (
				3C1E67C8254B78D700400545 /* EmojiArtSwiftUIUITests.swift in Sources */,
			);
			runOnlyForDeploymentPostprocessing = 0;
		};
/* End PBXSourcesBuildPhase section */

/* Begin PBXTargetDependency section */
		3C1E67BA254B78D700400545 /* PBXTargetDependency */ = {
			isa = PBXTargetDependency;
			target = 3C1E67A6254B78D400400545 /* EmojiArtSwiftUI */;
			targetProxy = 3C1E67B9254B78D700400545 /* PBXContainerItemProxy */;
		};
		3C1E67C5254B78D700400545 /* PBXTargetDependency */ = {
			isa = PBXTargetDependency;
			target = 3C1E67A6254B78D400400545 /* EmojiArtSwiftUI */;
			targetProxy = 3C1E67C4254B78D700400545 /* PBXContainerItemProxy */;
		};
/* End PBXTargetDependency section */

/* Begin XCBuildConfiguration section */
		3C1E67CA254B78D700400545 /* Debug */ = {
			isa = XCBuildConfiguration;
			buildSettings = {
				ALWAYS_SEARCH_USER_PATHS = NO;
				CLANG_ANALYZER_NONNULL = YES;
				CLANG_ANALYZER_NUMBER_OBJECT_CONVERSION = YES_AGGRESSIVE;
				CLANG_CXX_LANGUAGE_STANDARD = "gnu++14";
				CLANG_CXX_LIBRARY = "libc++";
				CLANG_ENABLE_MODULES = YES;
				CLANG_ENABLE_OBJC_ARC = YES;
				CLANG_ENABLE_OBJC_WEAK = YES;
				CLANG_WARN_BLOCK_CAPTURE_AUTORELEASING = YES;
				CLANG_WARN_BOOL_CONVERSION = YES;
				CLANG_WARN_COMMA = YES;
				CLANG_WARN_CONSTANT_CONVERSION = YES;
				CLANG_WARN_DEPRECATED_OBJC_IMPLEMENTATIONS = YES;
				CLANG_WARN_DIRECT_OBJC_ISA_USAGE = YES_ERROR;
				CLANG_WARN_DOCUMENTATION_COMMENTS = YES;
				CLANG_WARN_EMPTY_BODY = YES;
				CLANG_WARN_ENUM_CONVERSION = YES;
				CLANG_WARN_INFINITE_RECURSION = YES;
				CLANG_WARN_INT_CONVERSION = YES;
				CLANG_WARN_NON_LITERAL_NULL_CONVERSION = YES;
				CLANG_WARN_OBJC_IMPLICIT_RETAIN_SELF = YES;
				CLANG_WARN_OBJC_LITERAL_CONVERSION = YES;
				CLANG_WARN_OBJC_ROOT_CLASS = YES_ERROR;
				CLANG_WARN_QUOTED_INCLUDE_IN_FRAMEWORK_HEADER = YES;
				CLANG_WARN_RANGE_LOOP_ANALYSIS = YES;
				CLANG_WARN_STRICT_PROTOTYPES = YES;
				CLANG_WARN_SUSPICIOUS_MOVE = YES;
				CLANG_WARN_UNGUARDED_AVAILABILITY = YES_AGGRESSIVE;
				CLANG_WARN_UNREACHABLE_CODE = YES;
				CLANG_WARN__DUPLICATE_METHOD_MATCH = YES;
				COPY_PHASE_STRIP = NO;
				DEBUG_INFORMATION_FORMAT = dwarf;
				ENABLE_STRICT_OBJC_MSGSEND = YES;
				ENABLE_TESTABILITY = YES;
				GCC_C_LANGUAGE_STANDARD = gnu11;
				GCC_DYNAMIC_NO_PIC = NO;
				GCC_NO_COMMON_BLOCKS = YES;
				GCC_OPTIMIZATION_LEVEL = 0;
				GCC_PREPROCESSOR_DEFINITIONS = (
					"DEBUG=1",
					"$(inherited)",
				);
				GCC_WARN_64_TO_32_BIT_CONVERSION = YES;
				GCC_WARN_ABOUT_RETURN_TYPE = YES_ERROR;
				GCC_WARN_UNDECLARED_SELECTOR = YES;
				GCC_WARN_UNINITIALIZED_AUTOS = YES_AGGRESSIVE;
				GCC_WARN_UNUSED_FUNCTION = YES;
				GCC_WARN_UNUSED_VARIABLE = YES;
				IPHONEOS_DEPLOYMENT_TARGET = 14.1;
				MTL_ENABLE_DEBUG_INFO = INCLUDE_SOURCE;
				MTL_FAST_MATH = YES;
				ONLY_ACTIVE_ARCH = YES;
				SDKROOT = iphoneos;
				SWIFT_ACTIVE_COMPILATION_CONDITIONS = DEBUG;
				SWIFT_OPTIMIZATION_LEVEL = "-Onone";
			};
			name = Debug;
		};
		3C1E67CB254B78D700400545 /* Release */ = {
			isa = XCBuildConfiguration;
			buildSettings = {
				ALWAYS_SEARCH_USER_PATHS = NO;
				CLANG_ANALYZER_NONNULL = YES;
				CLANG_ANALYZER_NUMBER_OBJECT_CONVERSION = YES_AGGRESSIVE;
				CLANG_CXX_LANGUAGE_STANDARD = "gnu++14";
				CLANG_CXX_LIBRARY = "libc++";
				CLANG_ENABLE_MODULES = YES;
				CLANG_ENABLE_OBJC_ARC = YES;
				CLANG_ENABLE_OBJC_WEAK = YES;
				CLANG_WARN_BLOCK_CAPTURE_AUTORELEASING = YES;
				CLANG_WARN_BOOL_CONVERSION = YES;
				CLANG_WARN_COMMA = YES;
				CLANG_WARN_CONSTANT_CONVERSION = YES;
				CLANG_WARN_DEPRECATED_OBJC_IMPLEMENTATIONS = YES;
				CLANG_WARN_DIRECT_OBJC_ISA_USAGE = YES_ERROR;
				CLANG_WARN_DOCUMENTATION_COMMENTS = YES;
				CLANG_WARN_EMPTY_BODY = YES;
				CLANG_WARN_ENUM_CONVERSION = YES;
				CLANG_WARN_INFINITE_RECURSION = YES;
				CLANG_WARN_INT_CONVERSION = YES;
				CLANG_WARN_NON_LITERAL_NULL_CONVERSION = YES;
				CLANG_WARN_OBJC_IMPLICIT_RETAIN_SELF = YES;
				CLANG_WARN_OBJC_LITERAL_CONVERSION = YES;
				CLANG_WARN_OBJC_ROOT_CLASS = YES_ERROR;
				CLANG_WARN_QUOTED_INCLUDE_IN_FRAMEWORK_HEADER = YES;
				CLANG_WARN_RANGE_LOOP_ANALYSIS = YES;
				CLANG_WARN_STRICT_PROTOTYPES = YES;
				CLANG_WARN_SUSPICIOUS_MOVE = YES;
				CLANG_WARN_UNGUARDED_AVAILABILITY = YES_AGGRESSIVE;
				CLANG_WARN_UNREACHABLE_CODE = YES;
				CLANG_WARN__DUPLICATE_METHOD_MATCH = YES;
				COPY_PHASE_STRIP = NO;
				DEBUG_INFORMATION_FORMAT = "dwarf-with-dsym";
				ENABLE_NS_ASSERTIONS = NO;
				ENABLE_STRICT_OBJC_MSGSEND = YES;
				GCC_C_LANGUAGE_STANDARD = gnu11;
				GCC_NO_COMMON_BLOCKS = YES;
				GCC_WARN_64_TO_32_BIT_CONVERSION = YES;
				GCC_WARN_ABOUT_RETURN_TYPE = YES_ERROR;
				GCC_WARN_UNDECLARED_SELECTOR = YES;
				GCC_WARN_UNINITIALIZED_AUTOS = YES_AGGRESSIVE;
				GCC_WARN_UNUSED_FUNCTION = YES;
				GCC_WARN_UNUSED_VARIABLE = YES;
				IPHONEOS_DEPLOYMENT_TARGET = 14.1;
				MTL_ENABLE_DEBUG_INFO = NO;
				MTL_FAST_MATH = YES;
				SDKROOT = iphoneos;
				SWIFT_COMPILATION_MODE = wholemodule;
				SWIFT_OPTIMIZATION_LEVEL = "-O";
				VALIDATE_PRODUCT = YES;
			};
			name = Release;
		};
		3C1E67CD254B78D700400545 /* Debug */ = {
			isa = XCBuildConfiguration;
			buildSettings = {
				ASSETCATALOG_COMPILER_APPICON_NAME = AppIcon;
				ASSETCATALOG_COMPILER_GLOBAL_ACCENT_COLOR_NAME = AccentColor;
				CODE_SIGN_STYLE = Automatic;
				DEVELOPMENT_ASSET_PATHS = "\"EmojiArtSwiftUI/Preview Content\"";
				DEVELOPMENT_TEAM = B23MDM8ZJF;
				ENABLE_PREVIEWS = YES;
				INFOPLIST_FILE = EmojiArtSwiftUI/Info.plist;
				IPHONEOS_DEPLOYMENT_TARGET = 14.0;
				LD_RUNPATH_SEARCH_PATHS = (
					"$(inherited)",
					"@executable_path/Frameworks",
				);
				PRODUCT_BUNDLE_IDENTIFIER = com.manson.EmojiArtSwiftUI;
				PRODUCT_NAME = "$(TARGET_NAME)";
				SWIFT_VERSION = 5.0;
				TARGETED_DEVICE_FAMILY = "1,2";
			};
			name = Debug;
		};
		3C1E67CE254B78D700400545 /* Release */ = {
			isa = XCBuildConfiguration;
			buildSettings = {
				ASSETCATALOG_COMPILER_APPICON_NAME = AppIcon;
				ASSETCATALOG_COMPILER_GLOBAL_ACCENT_COLOR_NAME = AccentColor;
				CODE_SIGN_STYLE = Automatic;
				DEVELOPMENT_ASSET_PATHS = "\"EmojiArtSwiftUI/Preview Content\"";
				DEVELOPMENT_TEAM = B23MDM8ZJF;
				ENABLE_PREVIEWS = YES;
				INFOPLIST_FILE = EmojiArtSwiftUI/Info.plist;
				IPHONEOS_DEPLOYMENT_TARGET = 14.0;
				LD_RUNPATH_SEARCH_PATHS = (
					"$(inherited)",
					"@executable_path/Frameworks",
				);
				PRODUCT_BUNDLE_IDENTIFIER = com.manson.EmojiArtSwiftUI;
				PRODUCT_NAME = "$(TARGET_NAME)";
				SWIFT_VERSION = 5.0;
				TARGETED_DEVICE_FAMILY = "1,2";
			};
			name = Release;
		};
		3C1E67D0254B78D700400545 /* Debug */ = {
			isa = XCBuildConfiguration;
			buildSettings = {
				ALWAYS_EMBED_SWIFT_STANDARD_LIBRARIES = YES;
				BUNDLE_LOADER = "$(TEST_HOST)";
				CODE_SIGN_STYLE = Automatic;
				DEVELOPMENT_TEAM = B23MDM8ZJF;
				INFOPLIST_FILE = EmojiArtSwiftUITests/Info.plist;
				IPHONEOS_DEPLOYMENT_TARGET = 14.0;
				LD_RUNPATH_SEARCH_PATHS = (
					"$(inherited)",
					"@executable_path/Frameworks",
					"@loader_path/Frameworks",
				);
				PRODUCT_BUNDLE_IDENTIFIER = com.manson.EmojiArtSwiftUITests;
				PRODUCT_NAME = "$(TARGET_NAME)";
				SWIFT_VERSION = 5.0;
				TARGETED_DEVICE_FAMILY = "1,2";
				TEST_HOST = "$(BUILT_PRODUCTS_DIR)/EmojiArtSwiftUI.app/EmojiArtSwiftUI";
			};
			name = Debug;
		};
		3C1E67D1254B78D700400545 /* Release */ = {
			isa = XCBuildConfiguration;
			buildSettings = {
				ALWAYS_EMBED_SWIFT_STANDARD_LIBRARIES = YES;
				BUNDLE_LOADER = "$(TEST_HOST)";
				CODE_SIGN_STYLE = Automatic;
				DEVELOPMENT_TEAM = B23MDM8ZJF;
				INFOPLIST_FILE = EmojiArtSwiftUITests/Info.plist;
				IPHONEOS_DEPLOYMENT_TARGET = 14.0;
				LD_RUNPATH_SEARCH_PATHS = (
					"$(inherited)",
					"@executable_path/Frameworks",
					"@loader_path/Frameworks",
				);
				PRODUCT_BUNDLE_IDENTIFIER = com.manson.EmojiArtSwiftUITests;
				PRODUCT_NAME = "$(TARGET_NAME)";
				SWIFT_VERSION = 5.0;
				TARGETED_DEVICE_FAMILY = "1,2";
				TEST_HOST = "$(BUILT_PRODUCTS_DIR)/EmojiArtSwiftUI.app/EmojiArtSwiftUI";
			};
			name = Release;
		};
		3C1E67D3254B78D700400545 /* Debug */ = {
			isa = XCBuildConfiguration;
			buildSettings = {
				ALWAYS_EMBED_SWIFT_STANDARD_LIBRARIES = YES;
				CODE_SIGN_STYLE = Automatic;
				DEVELOPMENT_TEAM = B23MDM8ZJF;
				INFOPLIST_FILE = EmojiArtSwiftUIUITests/Info.plist;
				LD_RUNPATH_SEARCH_PATHS = (
					"$(inherited)",
					"@executable_path/Frameworks",
					"@loader_path/Frameworks",
				);
				PRODUCT_BUNDLE_IDENTIFIER = com.manson.EmojiArtSwiftUIUITests;
				PRODUCT_NAME = "$(TARGET_NAME)";
				SWIFT_VERSION = 5.0;
				TARGETED_DEVICE_FAMILY = "1,2";
				TEST_TARGET_NAME = EmojiArtSwiftUI;
			};
			name = Debug;
		};
		3C1E67D4254B78D700400545 /* Release */ = {
			isa = XCBuildConfiguration;
			buildSettings = {
				ALWAYS_EMBED_SWIFT_STANDARD_LIBRARIES = YES;
				CODE_SIGN_STYLE = Automatic;
				DEVELOPMENT_TEAM = B23MDM8ZJF;
				INFOPLIST_FILE = EmojiArtSwiftUIUITests/Info.plist;
				LD_RUNPATH_SEARCH_PATHS = (
					"$(inherited)",
					"@executable_path/Frameworks",
					"@loader_path/Frameworks",
				);
				PRODUCT_BUNDLE_IDENTIFIER = com.manson.EmojiArtSwiftUIUITests;
				PRODUCT_NAME = "$(TARGET_NAME)";
				SWIFT_VERSION = 5.0;
				TARGETED_DEVICE_FAMILY = "1,2";
				TEST_TARGET_NAME = EmojiArtSwiftUI;
			};
			name = Release;
		};
/* End XCBuildConfiguration section */

/* Begin XCConfigurationList section */
		3C1E67A2254B78D400400545 /* Build configuration list for PBXProject "EmojiArtSwiftUI" */ = {
			isa = XCConfigurationList;
			buildConfigurations = (
				3C1E67CA254B78D700400545 /* Debug */,
				3C1E67CB254B78D700400545 /* Release */,
			);
			defaultConfigurationIsVisible = 0;
			defaultConfigurationName = Release;
		};
		3C1E67CC254B78D700400545 /* Build configuration list for PBXNativeTarget "EmojiArtSwiftUI" */ = {
			isa = XCConfigurationList;
			buildConfigurations = (
				3C1E67CD254B78D700400545 /* Debug */,
				3C1E67CE254B78D700400545 /* Release */,
			);
			defaultConfigurationIsVisible = 0;
			defaultConfigurationName = Release;
		};
		3C1E67CF254B78D700400545 /* Build configuration list for PBXNativeTarget "EmojiArtSwiftUITests" */ = {
			isa = XCConfigurationList;
			buildConfigurations = (
				3C1E67D0254B78D700400545 /* Debug */,
				3C1E67D1254B78D700400545 /* Release */,
			);
			defaultConfigurationIsVisible = 0;
			defaultConfigurationName = Release;
		};
		3C1E67D2254B78D700400545 /* Build configuration list for PBXNativeTarget "EmojiArtSwiftUIUITests" */ = {
			isa = XCConfigurationList;
			buildConfigurations = (
				3C1E67D3254B78D700400545 /* Debug */,
				3C1E67D4254B78D700400545 /* Release */,
			);
			defaultConfigurationIsVisible = 0;
			defaultConfigurationName = Release;
		};
/* End XCConfigurationList section */
	};
	rootObject = 3C1E679F254B78D400400545 /* Project object */;
}
